
Microsoft Visual Studio Solution File, Format Version 12.00
# Visual Studio Version 17
VisualStudioVersion = 17.3.32819.101
MinimumVisualStudioVersion = 10.0.40219.1
Project("{FAE04EC0-301F-11D3-BF4B-00C04F79EFBC}") = "WinCarpiteriaEjercitacion", "WinCarpiteriaEjercitacion\WinCarpiteriaEjercitacion.csproj", "{9E006A15-B464-4C70-9833-02A149585100}"
EndProject
Global
	GlobalSection(SolutionConfigurationPlatforms) = preSolution
		Debug|Any CPU = Debug|Any CPU
		Release|Any CPU = Release|Any CPU
	EndGlobalSection
	GlobalSection(ProjectConfigurationPlatforms) = postSolution
		{9E006A15-B464-4C70-9833-02A149585100}.Debug|Any CPU.ActiveCfg = Debug|Any CPU
		{9E006A15-B464-4C70-9833-02A149585100}.Debug|Any CPU.Build.0 = Debug|Any CPU
		{9E006A15-B464-4C70-9833-02A149585100}.Release|Any CPU.ActiveCfg = Release|Any CPU
		{9E006A15-B464-4C70-9833-02A149585100}.Release|Any CPU.Build.0 = Release|Any CPU
	EndGlobalSection
	GlobalSection(SolutionProperties) = preSolution
		HideSolutionNode = FALSE
	EndGlobalSection
	GlobalSection(ExtensibilityGlobals) = postSolution
		SolutionGuid = {E5001C12-60D7-4A7E-BEA8-F5183FB487BB}
	EndGlobalSection
EndGlobal
